
Microsoft Visual Studio Solution File, Format Version 12.00
# Visual Studio Version 16
VisualStudioVersion = 16.0.31911.196
MinimumVisualStudioVersion = 10.0.40219.1
Project("{FAE04EC0-301F-11D3-BF4B-00C04F79EFBC}") = "FileIOPractice", "FileIOPractice.csproj", "{CBCED605-DFAF-462D-B073-7293CCAEAB83}"
EndProject
Global
	GlobalSection(SolutionConfigurationPlatforms) = preSolution
		Debug|Any CPU = Debug|Any CPU
		Release|Any CPU = Release|Any CPU
	EndGlobalSection
	GlobalSection(ProjectConfigurationPlatforms) = postSolution
		{CBCED605-DFAF-462D-B073-7293CCAEAB83}.Debug|Any CPU.ActiveCfg = Debug|Any CPU
		{CBCED605-DFAF-462D-B073-7293CCAEAB83}.Debug|Any CPU.Build.0 = Debug|Any CPU
		{CBCED605-DFAF-462D-B073-7293CCAEAB83}.Release|Any CPU.ActiveCfg = Release|Any CPU
		{CBCED605-DFAF-462D-B073-7293CCAEAB83}.Release|Any CPU.Build.0 = Release|Any CPU
	EndGlobalSection
	GlobalSection(SolutionProperties) = preSolution
		HideSolutionNode = FALSE
	EndGlobalSection
	GlobalSection(ExtensibilityGlobals) = postSolution
		SolutionGuid = {A927BF28-36E2-41C0-8DA4-A2CD6A484B2E}
	EndGlobalSection
EndGlobal
